
Microsoft Visual Studio Solution File, Format Version 12.00
Project("{FAE04EC0-301F-11D3-BF4B-00C04F79EFBC}") = "lab3app", "lab3app\lab3app.csproj", "{1E63C9F0-CBDD-418D-80E4-F0FF5ED347BA}"
EndProject
Global
	GlobalSection(SolutionConfigurationPlatforms) = preSolution
		Debug|Any CPU = Debug|Any CPU
		Release|Any CPU = Release|Any CPU
	EndGlobalSection
	GlobalSection(ProjectConfigurationPlatforms) = postSolution
		{1E63C9F0-CBDD-418D-80E4-F0FF5ED347BA}.Debug|Any CPU.ActiveCfg = Debug|Any CPU
		{1E63C9F0-CBDD-418D-80E4-F0FF5ED347BA}.Debug|Any CPU.Build.0 = Debug|Any CPU
		{1E63C9F0-CBDD-418D-80E4-F0FF5ED347BA}.Release|Any CPU.ActiveCfg = Release|Any CPU
		{1E63C9F0-CBDD-418D-80E4-F0FF5ED347BA}.Release|Any CPU.Build.0 = Release|Any CPU
	EndGlobalSection
EndGlobal
