
Microsoft Visual Studio Solution File, Format Version 12.00
# Visual Studio 15
VisualStudioVersion = 15.0.28307.852
MinimumVisualStudioVersion = 10.0.40219.1
Project("{FAE04EC0-301F-11D3-BF4B-00C04F79EFBC}") = "DADWeb", "DADWeb\DADWeb.csproj", "{963DF69A-50E8-44C7-AAD9-9C9E77ECDEC7}"
EndProject
Global
	GlobalSection(SolutionConfigurationPlatforms) = preSolution
		Debug|Any CPU = Debug|Any CPU
		Release|Any CPU = Release|Any CPU
	EndGlobalSection
	GlobalSection(ProjectConfigurationPlatforms) = postSolution
		{963DF69A-50E8-44C7-AAD9-9C9E77ECDEC7}.Debug|Any CPU.ActiveCfg = Debug|Any CPU
		{963DF69A-50E8-44C7-AAD9-9C9E77ECDEC7}.Debug|Any CPU.Build.0 = Debug|Any CPU
		{963DF69A-50E8-44C7-AAD9-9C9E77ECDEC7}.Release|Any CPU.ActiveCfg = Release|Any CPU
		{963DF69A-50E8-44C7-AAD9-9C9E77ECDEC7}.Release|Any CPU.Build.0 = Release|Any CPU
	EndGlobalSection
	GlobalSection(SolutionProperties) = preSolution
		HideSolutionNode = FALSE
	EndGlobalSection
	GlobalSection(ExtensibilityGlobals) = postSolution
		SolutionGuid = {ADC12060-D829-4B5F-9396-B3916B58AEEB}
	EndGlobalSection
EndGlobal
