
Microsoft Visual Studio Solution File, Format Version 12.00
# Visual Studio Version 16
VisualStudioVersion = 16.0.29509.3
MinimumVisualStudioVersion = 10.0.40219.1
Project("{9A19103F-16F7-4668-BE54-9A1E7A4F7556}") = "AnimalDangerApi", "AnimalDanger\AnimalDangerApi.csproj", "{CF7098D2-4253-4ABA-8762-51991217129F}"
EndProject
Global
	GlobalSection(SolutionConfigurationPlatforms) = preSolution
		Debug|Any CPU = Debug|Any CPU
		Release|Any CPU = Release|Any CPU
	EndGlobalSection
	GlobalSection(ProjectConfigurationPlatforms) = postSolution
		{CF7098D2-4253-4ABA-8762-51991217129F}.Debug|Any CPU.ActiveCfg = Debug|Any CPU
		{CF7098D2-4253-4ABA-8762-51991217129F}.Debug|Any CPU.Build.0 = Debug|Any CPU
		{CF7098D2-4253-4ABA-8762-51991217129F}.Release|Any CPU.ActiveCfg = Release|Any CPU
		{CF7098D2-4253-4ABA-8762-51991217129F}.Release|Any CPU.Build.0 = Release|Any CPU
	EndGlobalSection
	GlobalSection(SolutionProperties) = preSolution
		HideSolutionNode = FALSE
	EndGlobalSection
	GlobalSection(ExtensibilityGlobals) = postSolution
		SolutionGuid = {71B4B6CD-5EF0-4162-90E2-539928456D6A}
	EndGlobalSection
EndGlobal
